// !$*UTF8*$!
{
	archiveVersion = 1;
	classes = {
	};
	objectVersion = 50;
	objects = {

/* Begin PBXBuildFile section */
		DD9713C925C8E63B00AA1346 /* AppDelegate.swift in Sources */ = {isa = PBXBuildFile; fileRef = DD9713C825C8E63B00AA1346 /* AppDelegate.swift */; };
		DD9713CB25C8E63B00AA1346 /* SceneDelegate.swift in Sources */ = {isa = PBXBuildFile; fileRef = DD9713CA25C8E63B00AA1346 /* SceneDelegate.swift */; };
		DD9713CD25C8E63B00AA1346 /* ViewController.swift in Sources */ = {isa = PBXBuildFile; fileRef = DD9713CC25C8E63B00AA1346 /* ViewController.swift */; };
		DD9713D025C8E63B00AA1346 /* Main.storyboard in Resources */ = {isa = PBXBuildFile; fileRef = DD9713CE25C8E63B00AA1346 /* Main.storyboard */; };
		DD9713D225C8E63C00AA1346 /* Assets.xcassets in Resources */ = {isa = PBXBuildFile; fileRef = DD9713D125C8E63C00AA1346 /* Assets.xcassets */; };
		DD9713D525C8E63C00AA1346 /* LaunchScreen.storyboard in Resources */ = {isa = PBXBuildFile; fileRef = DD9713D325C8E63C00AA1346 /* LaunchScreen.storyboard */; };
/* End PBXBuildFile section */

/* Begin PBXFileReference section */
		DD9713C525C8E63B00AA1346 /* LogIn&Welcome.app */ = {isa = PBXFileReference; explicitFileType = wrapper.application; includeInIndex = 0; path = "LogIn&Welcome.app"; sourceTree = BUILT_PRODUCTS_DIR; };
		DD9713C825C8E63B00AA1346 /* AppDelegate.swift */ = {isa = PBXFileReference; lastKnownFileType = sourcecode.swift; path = AppDelegate.swift; sourceTree = "<group>"; };
		DD9713CA25C8E63B00AA1346 /* SceneDelegate.swift */ = {isa = PBXFileReference; lastKnownFileType = sourcecode.swift; path = SceneDelegate.swift; sourceTree = "<group>"; };
		DD9713CC25C8E63B00AA1346 /* ViewController.swift */ = {isa = PBXFileReference; lastKnownFileType = sourcecode.swift; path = ViewController.swift; sourceTree = "<group>"; };
		DD9713CF25C8E63B00AA1346 /* Base */ = {isa = PBXFileReference; lastKnownFileType = file.storyboard; name = Base; path = Base.lproj/Main.storyboard; sourceTree = "<group>"; };
		DD9713D125C8E63C00AA1346 /* Assets.xcassets */ = {isa = PBXFileReference; lastKnownFileType = folder.assetcatalog; path = Assets.xcassets; sourceTree = "<group>"; };
		DD9713D425C8E63C00AA1346 /* Base */ = {isa = PBXFileReference; lastKnownFileType = file.storyboard; name = Base; path = Base.lproj/LaunchScreen.storyboard; sourceTree = "<group>"; };
		DD9713D625C8E63C00AA1346 /* Info.plist */ = {isa = PBXFileReference; lastKnownFileType = text.plist.xml; path = Info.plist; sourceTree = "<group>"; };
/* End PBXFileReference section */

/* Begin PBXFrameworksBuildPhase section */
		DD9713C225C8E63B00AA1346 /* Frameworks */ = {
			isa = PBXFrameworksBuildPhase;
			buildActionMask = 2147483647;
			files = (
			);
			runOnlyForDeploymentPostprocessing = 0;
		};
/* End PBXFrameworksBuildPhase section */

/* Begin PBXGroup section */
		DD9713BC25C8E63B00AA1346 = {
			isa = PBXGroup;
			children = (
				DD9713C725C8E63B00AA1346 /* LogIn&Welcome */,
				DD9713C625C8E63B00AA1346 /* Products */,
			);
			sourceTree = "<group>";
		};
		DD9713C625C8E63B00AA1346 /* Products */ = {
			isa = PBXGroup;
			children = (
				DD9713C525C8E63B00AA1346 /* LogIn&Welcome.app */,
			);
			name = Products;
			sourceTree = "<group>";
		};
		DD9713C725C8E63B00AA1346 /* LogIn&Welcome */ = {
			isa = PBXGroup;
			children = (
				DD9713C825C8E63B00AA1346 /* AppDelegate.swift */,
				DD9713CA25C8E63B00AA1346 /* SceneDelegate.swift */,
				DD9713CC25C8E63B00AA1346 /* ViewController.swift */,
				DD9713CE25C8E63B00AA1346 /* Main.storyboard */,
				DD9713D125C8E63C00AA1346 /* Assets.xcassets */,
				DD9713D325C8E63C00AA1346 /* LaunchScreen.storyboard */,
				DD9713D625C8E63C00AA1346 /* Info.plist */,
			);
			path = "LogIn&Welcome";
			sourceTree = "<group>";
		};
/* End PBXGroup section */

/* Begin PBXNativeTarget section */
		DD9713C425C8E63B00AA1346 /* LogIn&Welcome */ = {
			isa = PBXNativeTarget;
			buildConfigurationList = DD9713D925C8E63C00AA1346 /* Build configuration list for PBXNativeTarget "LogIn&Welcome" */;
			buildPhases = (
				DD9713C125C8E63B00AA1346 /* Sources */,
				DD9713C225C8E63B00AA1346 /* Frameworks */,
				DD9713C325C8E63B00AA1346 /* Resources */,
			);
			buildRules = (
			);
			dependencies = (
			);
			name = "LogIn&Welcome";
			productName = "LogIn&Welcome";
			productReference = DD9713C525C8E63B00AA1346 /* LogIn&Welcome.app */;
			productType = "com.apple.product-type.application";
		};
/* End PBXNativeTarget section */

/* Begin PBXProject section */
		DD9713BD25C8E63B00AA1346 /* Project object */ = {
			isa = PBXProject;
			attributes = {
				LastSwiftUpdateCheck = 1230;
				LastUpgradeCheck = 1230;
				TargetAttributes = {
					DD9713C425C8E63B00AA1346 = {
						CreatedOnToolsVersion = 12.3;
					};
				};
			};
			buildConfigurationList = DD9713C025C8E63B00AA1346 /* Build configuration list for PBXProject "LogIn&Welcome" */;
			compatibilityVersion = "Xcode 9.3";
			developmentRegion = en;
			hasScannedForEncodings = 0;
			knownRegions = (
				en,
				Base,
			);
			mainGroup = DD9713BC25C8E63B00AA1346;
			productRefGroup = DD9713C625C8E63B00AA1346 /* Products */;
			projectDirPath = "";
			projectRoot = "";
			targets = (
				DD9713C425C8E63B00AA1346 /* LogIn&Welcome */,
			);
		};
/* End PBXProject section */

/* Begin PBXResourcesBuildPhase section */
		DD9713C325C8E63B00AA1346 /* Resources */ = {
			isa = PBXResourcesBuildPhase;
			buildActionMask = 2147483647;
			files = (
				DD9713D525C8E63C00AA1346 /* LaunchScreen.storyboard in Resources */,
				DD9713D225C8E63C00AA1346 /* Assets.xcassets in Resources */,
				DD9713D025C8E63B00AA1346 /* Main.storyboard in Resources */,
			);
			runOnlyForDeploymentPostprocessing = 0;
		};
/* End PBXResourcesBuildPhase section */

/* Begin PBXSourcesBuildPhase section */
		DD9713C125C8E63B00AA1346 /* Sources */ = {
			isa = PBXSourcesBuildPhase;
			buildActionMask = 2147483647;
			files = (
				DD9713CD25C8E63B00AA1346 /* ViewController.swift in Sources */,
				DD9713C925C8E63B00AA1346 /* AppDelegate.swift in Sources */,
				DD9713CB25C8E63B00AA1346 /* SceneDelegate.swift in Sources */,
			);
			runOnlyForDeploymentPostprocessing = 0;
		};
/* End PBXSourcesBuildPhase section */

/* Begin PBXVariantGroup section */
		DD9713CE25C8E63B00AA1346 /* Main.storyboard */ = {
			isa = PBXVariantGroup;
			children = (
				DD9713CF25C8E63B00AA1346 /* Base */,
			);
			name = Main.storyboard;
			sourceTree = "<group>";
		};
		DD9713D325C8E63C00AA1346 /* LaunchScreen.storyboard */ = {
			isa = PBXVariantGroup;
			children = (
				DD9713D425C8E63C00AA1346 /* Base */,
			);
			name = LaunchScreen.storyboard;
			sourceTree = "<group>";
		};
/* End PBXVariantGroup section */

/* Begin XCBuildConfiguration section */
		DD9713D725C8E63C00AA1346 /* Debug */ = {
			isa = XCBuildConfiguration;
			buildSettings = {
				ALWAYS_SEARCH_USER_PATHS = NO;
				CLANG_ANALYZER_NONNULL = YES;
				CLANG_ANALYZER_NUMBER_OBJECT_CONVERSION = YES_AGGRESSIVE;
				CLANG_CXX_LANGUAGE_STANDARD = "gnu++14";
				CLANG_CXX_LIBRARY = "libc++";
				CLANG_ENABLE_MODULES = YES;
				CLANG_ENABLE_OBJC_ARC = YES;
				CLANG_ENABLE_OBJC_WEAK = YES;
				CLANG_WARN_BLOCK_CAPTURE_AUTORELEASING = YES;
				CLANG_WARN_BOOL_CONVERSION = YES;
				CLANG_WARN_COMMA = YES;
				CLANG_WARN_CONSTANT_CONVERSION = YES;
				CLANG_WARN_DEPRECATED_OBJC_IMPLEMENTATIONS = YES;
				CLANG_WARN_DIRECT_OBJC_ISA_USAGE = YES_ERROR;
				CLANG_WARN_DOCUMENTATION_COMMENTS = YES;
				CLANG_WARN_EMPTY_BODY = YES;
				CLANG_WARN_ENUM_CONVERSION = YES;
				CLANG_WARN_INFINITE_RECURSION = YES;
				CLANG_WARN_INT_CONVERSION = YES;
				CLANG_WARN_NON_LITERAL_NULL_CONVERSION = YES;
				CLANG_WARN_OBJC_IMPLICIT_RETAIN_SELF = YES;
				CLANG_WARN_OBJC_LITERAL_CONVERSION = YES;
				CLANG_WARN_OBJC_ROOT_CLASS = YES_ERROR;
				CLANG_WARN_QUOTED_INCLUDE_IN_FRAMEWORK_HEADER = YES;
				CLANG_WARN_RANGE_LOOP_ANALYSIS = YES;
				CLANG_WARN_STRICT_PROTOTYPES = YES;
				CLANG_WARN_SUSPICIOUS_MOVE = YES;
				CLANG_WARN_UNGUARDED_AVAILABILITY = YES_AGGRESSIVE;
				CLANG_WARN_UNREACHABLE_CODE = YES;
				CLANG_WARN__DUPLICATE_METHOD_MATCH = YES;
				COPY_PHASE_STRIP = NO;
				DEBUG_INFORMATION_FORMAT = dwarf;
				ENABLE_STRICT_OBJC_MSGSEND = YES;
				ENABLE_TESTABILITY = YES;
				GCC_C_LANGUAGE_STANDARD = gnu11;
				GCC_DYNAMIC_NO_PIC = NO;
				GCC_NO_COMMON_BLOCKS = YES;
				GCC_OPTIMIZATION_LEVEL = 0;
				GCC_PREPROCESSOR_DEFINITIONS = (
					"DEBUG=1",
					"$(inherited)",
				);
				GCC_WARN_64_TO_32_BIT_CONVERSION = YES;
				GCC_WARN_ABOUT_RETURN_TYPE = YES_ERROR;
				GCC_WARN_UNDECLARED_SELECTOR = YES;
				GCC_WARN_UNINITIALIZED_AUTOS = YES_AGGRESSIVE;
				GCC_WARN_UNUSED_FUNCTION = YES;
				GCC_WARN_UNUSED_VARIABLE = YES;
				IPHONEOS_DEPLOYMENT_TARGET = 14.3;
				MTL_ENABLE_DEBUG_INFO = INCLUDE_SOURCE;
				MTL_FAST_MATH = YES;
				ONLY_ACTIVE_ARCH = YES;
				SDKROOT = iphoneos;
				SWIFT_ACTIVE_COMPILATION_CONDITIONS = DEBUG;
				SWIFT_OPTIMIZATION_LEVEL = "-Onone";
			};
			name = Debug;
		};
		DD9713D825C8E63C00AA1346 /* Release */ = {
			isa = XCBuildConfiguration;
			buildSettings = {
				ALWAYS_SEARCH_USER_PATHS = NO;
				CLANG_ANALYZER_NONNULL = YES;
				CLANG_ANALYZER_NUMBER_OBJECT_CONVERSION = YES_AGGRESSIVE;
				CLANG_CXX_LANGUAGE_STANDARD = "gnu++14";
				CLANG_CXX_LIBRARY = "libc++";
				CLANG_ENABLE_MODULES = YES;
				CLANG_ENABLE_OBJC_ARC = YES;
				CLANG_ENABLE_OBJC_WEAK = YES;
				CLANG_WARN_BLOCK_CAPTURE_AUTORELEASING = YES;
				CLANG_WARN_BOOL_CONVERSION = YES;
				CLANG_WARN_COMMA = YES;
				CLANG_WARN_CONSTANT_CONVERSION = YES;
				CLANG_WARN_DEPRECATED_OBJC_IMPLEMENTATIONS = YES;
				CLANG_WARN_DIRECT_OBJC_ISA_USAGE = YES_ERROR;
				CLANG_WARN_DOCUMENTATION_COMMENTS = YES;
				CLANG_WARN_EMPTY_BODY = YES;
				CLANG_WARN_ENUM_CONVERSION = YES;
				CLANG_WARN_INFINITE_RECURSION = YES;
				CLANG_WARN_INT_CONVERSION = YES;
				CLANG_WARN_NON_LITERAL_NULL_CONVERSION = YES;
				CLANG_WARN_OBJC_IMPLICIT_RETAIN_SELF = YES;
				CLANG_WARN_OBJC_LITERAL_CONVERSION = YES;
				CLANG_WARN_OBJC_ROOT_CLASS = YES_ERROR;
				CLANG_WARN_QUOTED_INCLUDE_IN_FRAMEWORK_HEADER = YES;
				CLANG_WARN_RANGE_LOOP_ANALYSIS = YES;
				CLANG_WARN_STRICT_PROTOTYPES = YES;
				CLANG_WARN_SUSPICIOUS_MOVE = YES;
				CLANG_WARN_UNGUARDED_AVAILABILITY = YES_AGGRESSIVE;
				CLANG_WARN_UNREACHABLE_CODE = YES;
				CLANG_WARN__DUPLICATE_METHOD_MATCH = YES;
				COPY_PHASE_STRIP = NO;
				DEBUG_INFORMATION_FORMAT = "dwarf-with-dsym";
				ENABLE_NS_ASSERTIONS = NO;
				ENABLE_STRICT_OBJC_MSGSEND = YES;
				GCC_C_LANGUAGE_STANDARD = gnu11;
				GCC_NO_COMMON_BLOCKS = YES;
				GCC_WARN_64_TO_32_BIT_CONVERSION = YES;
				GCC_WARN_ABOUT_RETURN_TYPE = YES_ERROR;
				GCC_WARN_UNDECLARED_SELECTOR = YES;
				GCC_WARN_UNINITIALIZED_AUTOS = YES_AGGRESSIVE;
				GCC_WARN_UNUSED_FUNCTION = YES;
				GCC_WARN_UNUSED_VARIABLE = YES;
				IPHONEOS_DEPLOYMENT_TARGET = 14.3;
				MTL_ENABLE_DEBUG_INFO = NO;
				MTL_FAST_MATH = YES;
				SDKROOT = iphoneos;
				SWIFT_COMPILATION_MODE = wholemodule;
				SWIFT_OPTIMIZATION_LEVEL = "-O";
				VALIDATE_PRODUCT = YES;
			};
			name = Release;
		};
		DD9713DA25C8E63C00AA1346 /* Debug */ = {
			isa = XCBuildConfiguration;
			buildSettings = {
				ASSETCATALOG_COMPILER_APPICON_NAME = AppIcon;
				ASSETCATALOG_COMPILER_GLOBAL_ACCENT_COLOR_NAME = AccentColor;
				CODE_SIGN_STYLE = Automatic;
				DEVELOPMENT_TEAM = 8H4HCPNHCY;
				INFOPLIST_FILE = "LogIn&Welcome/Info.plist";
				LD_RUNPATH_SEARCH_PATHS = (
					"$(inherited)",
					"@executable_path/Frameworks",
				);
				PRODUCT_BUNDLE_IDENTIFIER = "vadim.LogIn-Welcome";
				PRODUCT_NAME = "$(TARGET_NAME)";
				SWIFT_VERSION = 5.0;
				TARGETED_DEVICE_FAMILY = "1,2";
			};
			name = Debug;
		};
		DD9713DB25C8E63C00AA1346 /* Release */ = {
			isa = XCBuildConfiguration;
			buildSettings = {
				ASSETCATALOG_COMPILER_APPICON_NAME = AppIcon;
				ASSETCATALOG_COMPILER_GLOBAL_ACCENT_COLOR_NAME = AccentColor;
				CODE_SIGN_STYLE = Automatic;
				DEVELOPMENT_TEAM = 8H4HCPNHCY;
				INFOPLIST_FILE = "LogIn&Welcome/Info.plist";
				LD_RUNPATH_SEARCH_PATHS = (
					"$(inherited)",
					"@executable_path/Frameworks",
				);
				PRODUCT_BUNDLE_IDENTIFIER = "vadim.LogIn-Welcome";
				PRODUCT_NAME = "$(TARGET_NAME)";
				SWIFT_VERSION = 5.0;
				TARGETED_DEVICE_FAMILY = "1,2";
			};
			name = Release;
		};
/* End XCBuildConfiguration section */

/* Begin XCConfigurationList section */
		DD9713C025C8E63B00AA1346 /* Build configuration list for PBXProject "LogIn&Welcome" */ = {
			isa = XCConfigurationList;
			buildConfigurations = (
				DD9713D725C8E63C00AA1346 /* Debug */,
				DD9713D825C8E63C00AA1346 /* Release */,
			);
			defaultConfigurationIsVisible = 0;
			defaultConfigurationName = Release;
		};
		DD9713D925C8E63C00AA1346 /* Build configuration list for PBXNativeTarget "LogIn&Welcome" */ = {
			isa = XCConfigurationList;
			buildConfigurations = (
				DD9713DA25C8E63C00AA1346 /* Debug */,
				DD9713DB25C8E63C00AA1346 /* Release */,
			);
			defaultConfigurationIsVisible = 0;
			defaultConfigurationName = Release;
		};
/* End XCConfigurationList section */
	};
	rootObject = DD9713BD25C8E63B00AA1346 /* Project object */;
}
